// !$*UTF8*$!
{
	archiveVersion = 1;
	classes = {
	};
	objectVersion = 48;
	objects = {

/* Begin PBXBuildFile section */
		8B2732E81FFF6F650063356F /* AppDelegate.swift in Sources */ = {isa = PBXBuildFile; fileRef = 8B2732E71FFF6F650063356F /* AppDelegate.swift */; };
		8B2732EA1FFF6F650063356F /* ViewController.swift in Sources */ = {isa = PBXBuildFile; fileRef = 8B2732E91FFF6F650063356F /* ViewController.swift */; };
		8B2732ED1FFF6F650063356F /* Main.storyboard in Resources */ = {isa = PBXBuildFile; fileRef = 8B2732EB1FFF6F650063356F /* Main.storyboard */; };
		8B2732EF1FFF6F650063356F /* Assets.xcassets in Resources */ = {isa = PBXBuildFile; fileRef = 8B2732EE1FFF6F650063356F /* Assets.xcassets */; };
		8B2732F21FFF6F650063356F /* LaunchScreen.storyboard in Resources */ = {isa = PBXBuildFile; fileRef = 8B2732F01FFF6F650063356F /* LaunchScreen.storyboard */; };
		8B2732FA1FFF6FBF0063356F /* ImageViewController.swift in Sources */ = {isa = PBXBuildFile; fileRef = 8B2732F91FFF6FBF0063356F /* ImageViewController.swift */; };
/* End PBXBuildFile section */

/* Begin PBXFileReference section */
		8B2732E41FFF6F650063356F /* MultiThreadingDemo.app */ = {isa = PBXFileReference; explicitFileType = wrapper.application; includeInIndex = 0; path = MultiThreadingDemo.app; sourceTree = BUILT_PRODUCTS_DIR; };
		8B2732E71FFF6F650063356F /* AppDelegate.swift */ = {isa = PBXFileReference; lastKnownFileType = sourcecode.swift; path = AppDelegate.swift; sourceTree = "<group>"; };
		8B2732E91FFF6F650063356F /* ViewController.swift */ = {isa = PBXFileReference; lastKnownFileType = sourcecode.swift; path = ViewController.swift; sourceTree = "<group>"; };
		8B2732EC1FFF6F650063356F /* Base */ = {isa = PBXFileReference; lastKnownFileType = file.storyboard; name = Base; path = Base.lproj/Main.storyboard; sourceTree = "<group>"; };
		8B2732EE1FFF6F650063356F /* Assets.xcassets */ = {isa = PBXFileReference; lastKnownFileType = folder.assetcatalog; path = Assets.xcassets; sourceTree = "<group>"; };
		8B2732F11FFF6F650063356F /* Base */ = {isa = PBXFileReference; lastKnownFileType = file.storyboard; name = Base; path = Base.lproj/LaunchScreen.storyboard; sourceTree = "<group>"; };
		8B2732F31FFF6F650063356F /* Info.plist */ = {isa = PBXFileReference; lastKnownFileType = text.plist.xml; path = Info.plist; sourceTree = "<group>"; };
		8B2732F91FFF6FBF0063356F /* ImageViewController.swift */ = {isa = PBXFileReference; lastKnownFileType = sourcecode.swift; path = ImageViewController.swift; sourceTree = "<group>"; };
/* End PBXFileReference section */

/* Begin PBXFrameworksBuildPhase section */
		8B2732E11FFF6F650063356F /* Frameworks */ = {
			isa = PBXFrameworksBuildPhase;
			buildActionMask = 2147483647;
			files = (
			);
			runOnlyForDeploymentPostprocessing = 0;
		};
/* End PBXFrameworksBuildPhase section */

/* Begin PBXGroup section */
		8B2732DB1FFF6F650063356F = {
			isa = PBXGroup;
			children = (
				8B2732E61FFF6F650063356F /* MultiThreadingDemo */,
				8B2732E51FFF6F650063356F /* Products */,
			);
			sourceTree = "<group>";
		};
		8B2732E51FFF6F650063356F /* Products */ = {
			isa = PBXGroup;
			children = (
				8B2732E41FFF6F650063356F /* MultiThreadingDemo.app */,
			);
			name = Products;
			sourceTree = "<group>";
		};
		8B2732E61FFF6F650063356F /* MultiThreadingDemo */ = {
			isa = PBXGroup;
			children = (
				8B2732E71FFF6F650063356F /* AppDelegate.swift */,
				8B2732E91FFF6F650063356F /* ViewController.swift */,
				8B2732F91FFF6FBF0063356F /* ImageViewController.swift */,
				8B2732EB1FFF6F650063356F /* Main.storyboard */,
				8B2732EE1FFF6F650063356F /* Assets.xcassets */,
				8B2732F01FFF6F650063356F /* LaunchScreen.storyboard */,
				8B2732F31FFF6F650063356F /* Info.plist */,
			);
			path = MultiThreadingDemo;
			sourceTree = "<group>";
		};
/* End PBXGroup section */

/* Begin PBXNativeTarget section */
		8B2732E31FFF6F650063356F /* MultiThreadingDemo */ = {
			isa = PBXNativeTarget;
			buildConfigurationList = 8B2732F61FFF6F650063356F /* Build configuration list for PBXNativeTarget "MultiThreadingDemo" */;
			buildPhases = (
				8B2732E01FFF6F650063356F /* Sources */,
				8B2732E11FFF6F650063356F /* Frameworks */,
				8B2732E21FFF6F650063356F /* Resources */,
			);
			buildRules = (
			);
			dependencies = (
			);
			name = MultiThreadingDemo;
			productName = MultiThreadingDemo;
			productReference = 8B2732E41FFF6F650063356F /* MultiThreadingDemo.app */;
			productType = "com.apple.product-type.application";
		};
/* End PBXNativeTarget section */

/* Begin PBXProject section */
		8B2732DC1FFF6F650063356F /* Project object */ = {
			isa = PBXProject;
			attributes = {
				LastSwiftUpdateCheck = 0900;
				LastUpgradeCheck = 0900;
				ORGANIZATIONNAME = Codekul;
				TargetAttributes = {
					8B2732E31FFF6F650063356F = {
						CreatedOnToolsVersion = 9.0;
						ProvisioningStyle = Automatic;
					};
				};
			};
			buildConfigurationList = 8B2732DF1FFF6F650063356F /* Build configuration list for PBXProject "MultiThreadingDemo" */;
			compatibilityVersion = "Xcode 8.0";
			developmentRegion = en;
			hasScannedForEncodings = 0;
			knownRegions = (
				en,
				Base,
			);
			mainGroup = 8B2732DB1FFF6F650063356F;
			productRefGroup = 8B2732E51FFF6F650063356F /* Products */;
			projectDirPath = "";
			projectRoot = "";
			targets = (
				8B2732E31FFF6F650063356F /* MultiThreadingDemo */,
			);
		};
/* End PBXProject section */

/* Begin PBXResourcesBuildPhase section */
		8B2732E21FFF6F650063356F /* Resources */ = {
			isa = PBXResourcesBuildPhase;
			buildActionMask = 2147483647;
			files = (
				8B2732F21FFF6F650063356F /* LaunchScreen.storyboard in Resources */,
				8B2732EF1FFF6F650063356F /* Assets.xcassets in Resources */,
				8B2732ED1FFF6F650063356F /* Main.storyboard in Resources */,
			);
			runOnlyForDeploymentPostprocessing = 0;
		};
/* End PBXResourcesBuildPhase section */

/* Begin PBXSourcesBuildPhase section */
		8B2732E01FFF6F650063356F /* Sources */ = {
			isa = PBXSourcesBuildPhase;
			buildActionMask = 2147483647;
			files = (
				8B2732EA1FFF6F650063356F /* ViewController.swift in Sources */,
				8B2732FA1FFF6FBF0063356F /* ImageViewController.swift in Sources */,
				8B2732E81FFF6F650063356F /* AppDelegate.swift in Sources */,
			);
			runOnlyForDeploymentPostprocessing = 0;
		};
/* End PBXSourcesBuildPhase section */

/* Begin PBXVariantGroup section */
		8B2732EB1FFF6F650063356F /* Main.storyboard */ = {
			isa = PBXVariantGroup;
			children = (
				8B2732EC1FFF6F650063356F /* Base */,
			);
			name = Main.storyboard;
			sourceTree = "<group>";
		};
		8B2732F01FFF6F650063356F /* LaunchScreen.storyboard */ = {
			isa = PBXVariantGroup;
			children = (
				8B2732F11FFF6F650063356F /* Base */,
			);
			name = LaunchScreen.storyboard;
			sourceTree = "<group>";
		};
/* End PBXVariantGroup section */

/* Begin XCBuildConfiguration section */
		8B2732F41FFF6F650063356F /* Debug */ = {
			isa = XCBuildConfiguration;
			buildSettings = {
				ALWAYS_SEARCH_USER_PATHS = NO;
				CLANG_ANALYZER_NONNULL = YES;
				CLANG_ANALYZER_NUMBER_OBJECT_CONVERSION = YES_AGGRESSIVE;
				CLANG_CXX_LANGUAGE_STANDARD = "gnu++14";
				CLANG_CXX_LIBRARY = "libc++";
				CLANG_ENABLE_MODULES = YES;
				CLANG_ENABLE_OBJC_ARC = YES;
				CLANG_WARN_BLOCK_CAPTURE_AUTORELEASING = YES;
				CLANG_WARN_BOOL_CONVERSION = YES;
				CLANG_WARN_COMMA = YES;
				CLANG_WARN_CONSTANT_CONVERSION = YES;
				CLANG_WARN_DIRECT_OBJC_ISA_USAGE = YES_ERROR;
				CLANG_WARN_DOCUMENTATION_COMMENTS = YES;
				CLANG_WARN_EMPTY_BODY = YES;
				CLANG_WARN_ENUM_CONVERSION = YES;
				CLANG_WARN_INFINITE_RECURSION = YES;
				CLANG_WARN_INT_CONVERSION = YES;
				CLANG_WARN_NON_LITERAL_NULL_CONVERSION = YES;
				CLANG_WARN_OBJC_LITERAL_CONVERSION = YES;
				CLANG_WARN_OBJC_ROOT_CLASS = YES_ERROR;
				CLANG_WARN_RANGE_LOOP_ANALYSIS = YES;
				CLANG_WARN_STRICT_PROTOTYPES = YES;
				CLANG_WARN_SUSPICIOUS_MOVE = YES;
				CLANG_WARN_UNGUARDED_AVAILABILITY = YES_AGGRESSIVE;
				CLANG_WARN_UNREACHABLE_CODE = YES;
				CLANG_WARN__DUPLICATE_METHOD_MATCH = YES;
				CODE_SIGN_IDENTITY = "iPhone Developer";
				COPY_PHASE_STRIP = NO;
				DEBUG_INFORMATION_FORMAT = dwarf;
				ENABLE_STRICT_OBJC_MSGSEND = YES;
				ENABLE_TESTABILITY = YES;
				GCC_C_LANGUAGE_STANDARD = gnu11;
				GCC_DYNAMIC_NO_PIC = NO;
				GCC_NO_COMMON_BLOCKS = YES;
				GCC_OPTIMIZATION_LEVEL = 0;
				GCC_PREPROCESSOR_DEFINITIONS = (
					"DEBUG=1",
					"$(inherited)",
				);
				GCC_WARN_64_TO_32_BIT_CONVERSION = YES;
				GCC_WARN_ABOUT_RETURN_TYPE = YES_ERROR;
				GCC_WARN_UNDECLARED_SELECTOR = YES;
				GCC_WARN_UNINITIALIZED_AUTOS = YES_AGGRESSIVE;
				GCC_WARN_UNUSED_FUNCTION = YES;
				GCC_WARN_UNUSED_VARIABLE = YES;
				IPHONEOS_DEPLOYMENT_TARGET = 11.0;
				MTL_ENABLE_DEBUG_INFO = YES;
				ONLY_ACTIVE_ARCH = YES;
				SDKROOT = iphoneos;
				SWIFT_ACTIVE_COMPILATION_CONDITIONS = DEBUG;
				SWIFT_OPTIMIZATION_LEVEL = "-Onone";
			};
			name = Debug;
		};
		8B2732F51FFF6F650063356F /* Release */ = {
			isa = XCBuildConfiguration;
			buildSettings = {
				ALWAYS_SEARCH_USER_PATHS = NO;
				CLANG_ANALYZER_NONNULL = YES;
				CLANG_ANALYZER_NUMBER_OBJECT_CONVERSION = YES_AGGRESSIVE;
				CLANG_CXX_LANGUAGE_STANDARD = "gnu++14";
				CLANG_CXX_LIBRARY = "libc++";
				CLANG_ENABLE_MODULES = YES;
				CLANG_ENABLE_OBJC_ARC = YES;
				CLANG_WARN_BLOCK_CAPTURE_AUTORELEASING = YES;
				CLANG_WARN_BOOL_CONVERSION = YES;
				CLANG_WARN_COMMA = YES;
				CLANG_WARN_CONSTANT_CONVERSION = YES;
				CLANG_WARN_DIRECT_OBJC_ISA_USAGE = YES_ERROR;
				CLANG_WARN_DOCUMENTATION_COMMENTS = YES;
				CLANG_WARN_EMPTY_BODY = YES;
				CLANG_WARN_ENUM_CONVERSION = YES;
				CLANG_WARN_INFINITE_RECURSION = YES;
				CLANG_WARN_INT_CONVERSION = YES;
				CLANG_WARN_NON_LITERAL_NULL_CONVERSION = YES;
				CLANG_WARN_OBJC_LITERAL_CONVERSION = YES;
				CLANG_WARN_OBJC_ROOT_CLASS = YES_ERROR;
				CLANG_WARN_RANGE_LOOP_ANALYSIS = YES;
				CLANG_WARN_STRICT_PROTOTYPES = YES;
				CLANG_WARN_SUSPICIOUS_MOVE = YES;
				CLANG_WARN_UNGUARDED_AVAILABILITY = YES_AGGRESSIVE;
				CLANG_WARN_UNREACHABLE_CODE = YES;
				CLANG_WARN__DUPLICATE_METHOD_MATCH = YES;
				CODE_SIGN_IDENTITY = "iPhone Developer";
				COPY_PHASE_STRIP = NO;
				DEBUG_INFORMATION_FORMAT = "dwarf-with-dsym";
				ENABLE_NS_ASSERTIONS = NO;
				ENABLE_STRICT_OBJC_MSGSEND = YES;
				GCC_C_LANGUAGE_STANDARD = gnu11;
				GCC_NO_COMMON_BLOCKS = YES;
				GCC_WARN_64_TO_32_BIT_CONVERSION = YES;
				GCC_WARN_ABOUT_RETURN_TYPE = YES_ERROR;
				GCC_WARN_UNDECLARED_SELECTOR = YES;
				GCC_WARN_UNINITIALIZED_AUTOS = YES_AGGRESSIVE;
				GCC_WARN_UNUSED_FUNCTION = YES;
				GCC_WARN_UNUSED_VARIABLE = YES;
				IPHONEOS_DEPLOYMENT_TARGET = 11.0;
				MTL_ENABLE_DEBUG_INFO = NO;
				SDKROOT = iphoneos;
				SWIFT_OPTIMIZATION_LEVEL = "-Owholemodule";
				VALIDATE_PRODUCT = YES;
			};
			name = Release;
		};
		8B2732F71FFF6F650063356F /* Debug */ = {
			isa = XCBuildConfiguration;
			buildSettings = {
				ASSETCATALOG_COMPILER_APPICON_NAME = AppIcon;
				CODE_SIGN_STYLE = Automatic;
				INFOPLIST_FILE = MultiThreadingDemo/Info.plist;
				LD_RUNPATH_SEARCH_PATHS = "$(inherited) @executable_path/Frameworks";
				PRODUCT_BUNDLE_IDENTIFIER = com.codekul.MultiThreadingDemo;
				PRODUCT_NAME = "$(TARGET_NAME)";
				SWIFT_VERSION = 4.0;
				TARGETED_DEVICE_FAMILY = "1,2";
			};
			name = Debug;
		};
		8B2732F81FFF6F650063356F /* Release */ = {
			isa = XCBuildConfiguration;
			buildSettings = {
				ASSETCATALOG_COMPILER_APPICON_NAME = AppIcon;
				CODE_SIGN_STYLE = Automatic;
				INFOPLIST_FILE = MultiThreadingDemo/Info.plist;
				LD_RUNPATH_SEARCH_PATHS = "$(inherited) @executable_path/Frameworks";
				PRODUCT_BUNDLE_IDENTIFIER = com.codekul.MultiThreadingDemo;
				PRODUCT_NAME = "$(TARGET_NAME)";
				SWIFT_VERSION = 4.0;
				TARGETED_DEVICE_FAMILY = "1,2";
			};
			name = Release;
		};
/* End XCBuildConfiguration section */

/* Begin XCConfigurationList section */
		8B2732DF1FFF6F650063356F /* Build configuration list for PBXProject "MultiThreadingDemo" */ = {
			isa = XCConfigurationList;
			buildConfigurations = (
				8B2732F41FFF6F650063356F /* Debug */,
				8B2732F51FFF6F650063356F /* Release */,
			);
			defaultConfigurationIsVisible = 0;
			defaultConfigurationName = Release;
		};
		8B2732F61FFF6F650063356F /* Build configuration list for PBXNativeTarget "MultiThreadingDemo" */ = {
			isa = XCConfigurationList;
			buildConfigurations = (
				8B2732F71FFF6F650063356F /* Debug */,
				8B2732F81FFF6F650063356F /* Release */,
			);
			defaultConfigurationIsVisible = 0;
			defaultConfigurationName = Release;
		};
/* End XCConfigurationList section */
	};
	rootObject = 8B2732DC1FFF6F650063356F /* Project object */;
}
